
Microsoft Visual Studio Solution File, Format Version 12.00
# Visual Studio Version 17
VisualStudioVersion = 17.6.33829.357
MinimumVisualStudioVersion = 10.0.40219.1
Project("{FAE04EC0-301F-11D3-BF4B-00C04F79EFBC}") = "project1", "project1\project1.csproj", "{03DE2401-2D04-4F42-BFCC-8642CC3CBFF5}"
EndProject
Global
	GlobalSection(SolutionConfigurationPlatforms) = preSolution
		Debug|Any CPU = Debug|Any CPU
		Release|Any CPU = Release|Any CPU
	EndGlobalSection
	GlobalSection(ProjectConfigurationPlatforms) = postSolution
		{03DE2401-2D04-4F42-BFCC-8642CC3CBFF5}.Debug|Any CPU.ActiveCfg = Debug|Any CPU
		{03DE2401-2D04-4F42-BFCC-8642CC3CBFF5}.Debug|Any CPU.Build.0 = Debug|Any CPU
		{03DE2401-2D04-4F42-BFCC-8642CC3CBFF5}.Release|Any CPU.ActiveCfg = Release|Any CPU
		{03DE2401-2D04-4F42-BFCC-8642CC3CBFF5}.Release|Any CPU.Build.0 = Release|Any CPU
	EndGlobalSection
	GlobalSection(SolutionProperties) = preSolution
		HideSolutionNode = FALSE
	EndGlobalSection
	GlobalSection(ExtensibilityGlobals) = postSolution
		SolutionGuid = {0372F7FE-660C-441A-B18F-96021E71FFC8}
	EndGlobalSection
EndGlobal
